// !$*UTF8*$!
{
	archiveVersion = 1;
	classes = {
	};
	objectVersion = 46;
	objects = {

/* Begin PBXBuildFile section */
		EB0E711E1D86BAE100DD2BB5 /* main.m in Sources */ = {isa = PBXBuildFile; fileRef = EB0E711D1D86BAE100DD2BB5 /* main.m */; };
		EB0E71211D86BAE100DD2BB5 /* AppDelegate.m in Sources */ = {isa = PBXBuildFile; fileRef = EB0E71201D86BAE100DD2BB5 /* AppDelegate.m */; };
		EB0E71241D86BAE100DD2BB5 /* ViewController.m in Sources */ = {isa = PBXBuildFile; fileRef = EB0E71231D86BAE100DD2BB5 /* ViewController.m */; };
		EB0E71271D86BAE100DD2BB5 /* Main.storyboard in Resources */ = {isa = PBXBuildFile; fileRef = EB0E71251D86BAE100DD2BB5 /* Main.storyboard */; };
		EB0E71291D86BAE100DD2BB5 /* Assets.xcassets in Resources */ = {isa = PBXBuildFile; fileRef = EB0E71281D86BAE100DD2BB5 /* Assets.xcassets */; };
		EB0E712C1D86BAE100DD2BB5 /* LaunchScreen.storyboard in Resources */ = {isa = PBXBuildFile; fileRef = EB0E712A1D86BAE100DD2BB5 /* LaunchScreen.storyboard */; };
		EB0E71371D86BAE100DD2BB5 /* StrategyPatternTests.m in Sources */ = {isa = PBXBuildFile; fileRef = EB0E71361D86BAE100DD2BB5 /* StrategyPatternTests.m */; };
		EB0E71421D86BAE100DD2BB5 /* StrategyPatternUITests.m in Sources */ = {isa = PBXBuildFile; fileRef = EB0E71411D86BAE100DD2BB5 /* StrategyPatternUITests.m */; };
/* End PBXBuildFile section */

/* Begin PBXContainerItemProxy section */
		EB0E71331D86BAE100DD2BB5 /* PBXContainerItemProxy */ = {
			isa = PBXContainerItemProxy;
			containerPortal = EB0E71111D86BAE100DD2BB5 /* Project object */;
			proxyType = 1;
			remoteGlobalIDString = EB0E71181D86BAE100DD2BB5;
			remoteInfo = StrategyPattern;
		};
		EB0E713E1D86BAE100DD2BB5 /* PBXContainerItemProxy */ = {
			isa = PBXContainerItemProxy;
			containerPortal = EB0E71111D86BAE100DD2BB5 /* Project object */;
			proxyType = 1;
			remoteGlobalIDString = EB0E71181D86BAE100DD2BB5;
			remoteInfo = StrategyPattern;
		};
/* End PBXContainerItemProxy section */

/* Begin PBXFileReference section */
		EB0E71191D86BAE100DD2BB5 /* StrategyPattern.app */ = {isa = PBXFileReference; explicitFileType = wrapper.application; includeInIndex = 0; path = StrategyPattern.app; sourceTree = BUILT_PRODUCTS_DIR; };
		EB0E711D1D86BAE100DD2BB5 /* main.m */ = {isa = PBXFileReference; lastKnownFileType = sourcecode.c.objc; path = main.m; sourceTree = "<group>"; };
		EB0E711F1D86BAE100DD2BB5 /* AppDelegate.h */ = {isa = PBXFileReference; lastKnownFileType = sourcecode.c.h; path = AppDelegate.h; sourceTree = "<group>"; };
		EB0E71201D86BAE100DD2BB5 /* AppDelegate.m */ = {isa = PBXFileReference; lastKnownFileType = sourcecode.c.objc; path = AppDelegate.m; sourceTree = "<group>"; };
		EB0E71221D86BAE100DD2BB5 /* ViewController.h */ = {isa = PBXFileReference; lastKnownFileType = sourcecode.c.h; path = ViewController.h; sourceTree = "<group>"; };
		EB0E71231D86BAE100DD2BB5 /* ViewController.m */ = {isa = PBXFileReference; lastKnownFileType = sourcecode.c.objc; path = ViewController.m; sourceTree = "<group>"; };
		EB0E71261D86BAE100DD2BB5 /* Base */ = {isa = PBXFileReference; lastKnownFileType = file.storyboard; name = Base; path = Base.lproj/Main.storyboard; sourceTree = "<group>"; };
		EB0E71281D86BAE100DD2BB5 /* Assets.xcassets */ = {isa = PBXFileReference; lastKnownFileType = folder.assetcatalog; path = Assets.xcassets; sourceTree = "<group>"; };
		EB0E712B1D86BAE100DD2BB5 /* Base */ = {isa = PBXFileReference; lastKnownFileType = file.storyboard; name = Base; path = Base.lproj/LaunchScreen.storyboard; sourceTree = "<group>"; };
		EB0E712D1D86BAE100DD2BB5 /* Info.plist */ = {isa = PBXFileReference; lastKnownFileType = text.plist.xml; path = Info.plist; sourceTree = "<group>"; };
		EB0E71321D86BAE100DD2BB5 /* StrategyPatternTests.xctest */ = {isa = PBXFileReference; explicitFileType = wrapper.cfbundle; includeInIndex = 0; path = StrategyPatternTests.xctest; sourceTree = BUILT_PRODUCTS_DIR; };
		EB0E71361D86BAE100DD2BB5 /* StrategyPatternTests.m */ = {isa = PBXFileReference; lastKnownFileType = sourcecode.c.objc; path = StrategyPatternTests.m; sourceTree = "<group>"; };
		EB0E71381D86BAE100DD2BB5 /* Info.plist */ = {isa = PBXFileReference; lastKnownFileType = text.plist.xml; path = Info.plist; sourceTree = "<group>"; };
		EB0E713D1D86BAE100DD2BB5 /* StrategyPatternUITests.xctest */ = {isa = PBXFileReference; explicitFileType = wrapper.cfbundle; includeInIndex = 0; path = StrategyPatternUITests.xctest; sourceTree = BUILT_PRODUCTS_DIR; };
		EB0E71411D86BAE100DD2BB5 /* StrategyPatternUITests.m */ = {isa = PBXFileReference; lastKnownFileType = sourcecode.c.objc; path = StrategyPatternUITests.m; sourceTree = "<group>"; };
		EB0E71431D86BAE100DD2BB5 /* Info.plist */ = {isa = PBXFileReference; lastKnownFileType = text.plist.xml; path = Info.plist; sourceTree = "<group>"; };
/* End PBXFileReference section */

/* Begin PBXFrameworksBuildPhase section */
		EB0E71161D86BAE100DD2BB5 /* Frameworks */ = {
			isa = PBXFrameworksBuildPhase;
			buildActionMask = 2147483647;
			files = (
			);
			runOnlyForDeploymentPostprocessing = 0;
		};
		EB0E712F1D86BAE100DD2BB5 /* Frameworks */ = {
			isa = PBXFrameworksBuildPhase;
			buildActionMask = 2147483647;
			files = (
			);
			runOnlyForDeploymentPostprocessing = 0;
		};
		EB0E713A1D86BAE100DD2BB5 /* Frameworks */ = {
			isa = PBXFrameworksBuildPhase;
			buildActionMask = 2147483647;
			files = (
			);
			runOnlyForDeploymentPostprocessing = 0;
		};
/* End PBXFrameworksBuildPhase section */

/* Begin PBXGroup section */
		EB0E71101D86BAE100DD2BB5 = {
			isa = PBXGroup;
			children = (
				EB0E711B1D86BAE100DD2BB5 /* StrategyPattern */,
				EB0E71351D86BAE100DD2BB5 /* StrategyPatternTests */,
				EB0E71401D86BAE100DD2BB5 /* StrategyPatternUITests */,
				EB0E711A1D86BAE100DD2BB5 /* Products */,
			);
			sourceTree = "<group>";
		};
		EB0E711A1D86BAE100DD2BB5 /* Products */ = {
			isa = PBXGroup;
			children = (
				EB0E71191D86BAE100DD2BB5 /* StrategyPattern.app */,
				EB0E71321D86BAE100DD2BB5 /* StrategyPatternTests.xctest */,
				EB0E713D1D86BAE100DD2BB5 /* StrategyPatternUITests.xctest */,
			);
			name = Products;
			sourceTree = "<group>";
		};
		EB0E711B1D86BAE100DD2BB5 /* StrategyPattern */ = {
			isa = PBXGroup;
			children = (
				EB0E711F1D86BAE100DD2BB5 /* AppDelegate.h */,
				EB0E71201D86BAE100DD2BB5 /* AppDelegate.m */,
				EB0E71221D86BAE100DD2BB5 /* ViewController.h */,
				EB0E71231D86BAE100DD2BB5 /* ViewController.m */,
				EB0E71251D86BAE100DD2BB5 /* Main.storyboard */,
				EB0E71281D86BAE100DD2BB5 /* Assets.xcassets */,
				EB0E712A1D86BAE100DD2BB5 /* LaunchScreen.storyboard */,
				EB0E712D1D86BAE100DD2BB5 /* Info.plist */,
				EB0E711C1D86BAE100DD2BB5 /* Supporting Files */,
			);
			path = StrategyPattern;
			sourceTree = "<group>";
		};
		EB0E711C1D86BAE100DD2BB5 /* Supporting Files */ = {
			isa = PBXGroup;
			children = (
				EB0E711D1D86BAE100DD2BB5 /* main.m */,
			);
			name = "Supporting Files";
			sourceTree = "<group>";
		};
		EB0E71351D86BAE100DD2BB5 /* StrategyPatternTests */ = {
			isa = PBXGroup;
			children = (
				EB0E71361D86BAE100DD2BB5 /* StrategyPatternTests.m */,
				EB0E71381D86BAE100DD2BB5 /* Info.plist */,
			);
			path = StrategyPatternTests;
			sourceTree = "<group>";
		};
		EB0E71401D86BAE100DD2BB5 /* StrategyPatternUITests */ = {
			isa = PBXGroup;
			children = (
				EB0E71411D86BAE100DD2BB5 /* StrategyPatternUITests.m */,
				EB0E71431D86BAE100DD2BB5 /* Info.plist */,
			);
			path = StrategyPatternUITests;
			sourceTree = "<group>";
		};
/* End PBXGroup section */

/* Begin PBXNativeTarget section */
		EB0E71181D86BAE100DD2BB5 /* StrategyPattern */ = {
			isa = PBXNativeTarget;
			buildConfigurationList = EB0E71461D86BAE100DD2BB5 /* Build configuration list for PBXNativeTarget "StrategyPattern" */;
			buildPhases = (
				EB0E71151D86BAE100DD2BB5 /* Sources */,
				EB0E71161D86BAE100DD2BB5 /* Frameworks */,
				EB0E71171D86BAE100DD2BB5 /* Resources */,
			);
			buildRules = (
			);
			dependencies = (
			);
			name = StrategyPattern;
			productName = StrategyPattern;
			productReference = EB0E71191D86BAE100DD2BB5 /* StrategyPattern.app */;
			productType = "com.apple.product-type.application";
		};
		EB0E71311D86BAE100DD2BB5 /* StrategyPatternTests */ = {
			isa = PBXNativeTarget;
			buildConfigurationList = EB0E71491D86BAE100DD2BB5 /* Build configuration list for PBXNativeTarget "StrategyPatternTests" */;
			buildPhases = (
				EB0E712E1D86BAE100DD2BB5 /* Sources */,
				EB0E712F1D86BAE100DD2BB5 /* Frameworks */,
				EB0E71301D86BAE100DD2BB5 /* Resources */,
			);
			buildRules = (
			);
			dependencies = (
				EB0E71341D86BAE100DD2BB5 /* PBXTargetDependency */,
			);
			name = StrategyPatternTests;
			productName = StrategyPatternTests;
			productReference = EB0E71321D86BAE100DD2BB5 /* StrategyPatternTests.xctest */;
			productType = "com.apple.product-type.bundle.unit-test";
		};
		EB0E713C1D86BAE100DD2BB5 /* StrategyPatternUITests */ = {
			isa = PBXNativeTarget;
			buildConfigurationList = EB0E714C1D86BAE100DD2BB5 /* Build configuration list for PBXNativeTarget "StrategyPatternUITests" */;
			buildPhases = (
				EB0E71391D86BAE100DD2BB5 /* Sources */,
				EB0E713A1D86BAE100DD2BB5 /* Frameworks */,
				EB0E713B1D86BAE100DD2BB5 /* Resources */,
			);
			buildRules = (
			);
			dependencies = (
				EB0E713F1D86BAE100DD2BB5 /* PBXTargetDependency */,
			);
			name = StrategyPatternUITests;
			productName = StrategyPatternUITests;
			productReference = EB0E713D1D86BAE100DD2BB5 /* StrategyPatternUITests.xctest */;
			productType = "com.apple.product-type.bundle.ui-testing";
		};
/* End PBXNativeTarget section */

/* Begin PBXProject section */
		EB0E71111D86BAE100DD2BB5 /* Project object */ = {
			isa = PBXProject;
			attributes = {
				LastUpgradeCheck = 0730;
				ORGANIZATIONNAME = LeeWong;
				TargetAttributes = {
					EB0E71181D86BAE100DD2BB5 = {
						CreatedOnToolsVersion = 7.3;
					};
					EB0E71311D86BAE100DD2BB5 = {
						CreatedOnToolsVersion = 7.3;
						TestTargetID = EB0E71181D86BAE100DD2BB5;
					};
					EB0E713C1D86BAE100DD2BB5 = {
						CreatedOnToolsVersion = 7.3;
						TestTargetID = EB0E71181D86BAE100DD2BB5;
					};
				};
			};
			buildConfigurationList = EB0E71141D86BAE100DD2BB5 /* Build configuration list for PBXProject "StrategyPattern" */;
			compatibilityVersion = "Xcode 3.2";
			developmentRegion = English;
			hasScannedForEncodings = 0;
			knownRegions = (
				en,
				Base,
			);
			mainGroup = EB0E71101D86BAE100DD2BB5;
			productRefGroup = EB0E711A1D86BAE100DD2BB5 /* Products */;
			projectDirPath = "";
			projectRoot = "";
			targets = (
				EB0E71181D86BAE100DD2BB5 /* StrategyPattern */,
				EB0E71311D86BAE100DD2BB5 /* StrategyPatternTests */,
				EB0E713C1D86BAE100DD2BB5 /* StrategyPatternUITests */,
			);
		};
/* End PBXProject section */

/* Begin PBXResourcesBuildPhase section */
		EB0E71171D86BAE100DD2BB5 /* Resources */ = {
			isa = PBXResourcesBuildPhase;
			buildActionMask = 2147483647;
			files = (
				EB0E712C1D86BAE100DD2BB5 /* LaunchScreen.storyboard in Resources */,
				EB0E71291D86BAE100DD2BB5 /* Assets.xcassets in Resources */,
				EB0E71271D86BAE100DD2BB5 /* Main.storyboard in Resources */,
			);
			runOnlyForDeploymentPostprocessing = 0;
		};
		EB0E71301D86BAE100DD2BB5 /* Resources */ = {
			isa = PBXResourcesBuildPhase;
			buildActionMask = 2147483647;
			files = (
			);
			runOnlyForDeploymentPostprocessing = 0;
		};
		EB0E713B1D86BAE100DD2BB5 /* Resources */ = {
			isa = PBXResourcesBuildPhase;
			buildActionMask = 2147483647;
			files = (
			);
			runOnlyForDeploymentPostprocessing = 0;
		};
/* End PBXResourcesBuildPhase section */

/* Begin PBXSourcesBuildPhase section */
		EB0E71151D86BAE100DD2BB5 /* Sources */ = {
			isa = PBXSourcesBuildPhase;
			buildActionMask = 2147483647;
			files = (
				EB0E71241D86BAE100DD2BB5 /* ViewController.m in Sources */,
				EB0E71211D86BAE100DD2BB5 /* AppDelegate.m in Sources */,
				EB0E711E1D86BAE100DD2BB5 /* main.m in Sources */,
			);
			runOnlyForDeploymentPostprocessing = 0;
		};
		EB0E712E1D86BAE100DD2BB5 /* Sources */ = {
			isa = PBXSourcesBuildPhase;
			buildActionMask = 2147483647;
			files = (
				EB0E71371D86BAE100DD2BB5 /* StrategyPatternTests.m in Sources */,
			);
			runOnlyForDeploymentPostprocessing = 0;
		};
		EB0E71391D86BAE100DD2BB5 /* Sources */ = {
			isa = PBXSourcesBuildPhase;
			buildActionMask = 2147483647;
			files = (
				EB0E71421D86BAE100DD2BB5 /* StrategyPatternUITests.m in Sources */,
			);
			runOnlyForDeploymentPostprocessing = 0;
		};
/* End PBXSourcesBuildPhase section */

/* Begin PBXTargetDependency section */
		EB0E71341D86BAE100DD2BB5 /* PBXTargetDependency */ = {
			isa = PBXTargetDependency;
			target = EB0E71181D86BAE100DD2BB5 /* StrategyPattern */;
			targetProxy = EB0E71331D86BAE100DD2BB5 /* PBXContainerItemProxy */;
		};
		EB0E713F1D86BAE100DD2BB5 /* PBXTargetDependency */ = {
			isa = PBXTargetDependency;
			target = EB0E71181D86BAE100DD2BB5 /* StrategyPattern */;
			targetProxy = EB0E713E1D86BAE100DD2BB5 /* PBXContainerItemProxy */;
		};
/* End PBXTargetDependency section */

/* Begin PBXVariantGroup section */
		EB0E71251D86BAE100DD2BB5 /* Main.storyboard */ = {
			isa = PBXVariantGroup;
			children = (
				EB0E71261D86BAE100DD2BB5 /* Base */,
			);
			name = Main.storyboard;
			sourceTree = "<group>";
		};
		EB0E712A1D86BAE100DD2BB5 /* LaunchScreen.storyboard */ = {
			isa = PBXVariantGroup;
			children = (
				EB0E712B1D86BAE100DD2BB5 /* Base */,
			);
			name = LaunchScreen.storyboard;
			sourceTree = "<group>";
		};
/* End PBXVariantGroup section */

/* Begin XCBuildConfiguration section */
		EB0E71441D86BAE100DD2BB5 /* Debug */ = {
			isa = XCBuildConfiguration;
			buildSettings = {
				ALWAYS_SEARCH_USER_PATHS = NO;
				CLANG_ANALYZER_NONNULL = YES;
				CLANG_CXX_LANGUAGE_STANDARD = "gnu++0x";
				CLANG_CXX_LIBRARY = "libc++";
				CLANG_ENABLE_MODULES = YES;
				CLANG_ENABLE_OBJC_ARC = YES;
				CLANG_WARN_BOOL_CONVERSION = YES;
				CLANG_WARN_CONSTANT_CONVERSION = YES;
				CLANG_WARN_DIRECT_OBJC_ISA_USAGE = YES_ERROR;
				CLANG_WARN_EMPTY_BODY = YES;
				CLANG_WARN_ENUM_CONVERSION = YES;
				CLANG_WARN_INT_CONVERSION = YES;
				CLANG_WARN_OBJC_ROOT_CLASS = YES_ERROR;
				CLANG_WARN_UNREACHABLE_CODE = YES;
				CLANG_WARN__DUPLICATE_METHOD_MATCH = YES;
				"CODE_SIGN_IDENTITY[sdk=iphoneos*]" = "iPhone Developer";
				COPY_PHASE_STRIP = NO;
				DEBUG_INFORMATION_FORMAT = dwarf;
				ENABLE_STRICT_OBJC_MSGSEND = YES;
				ENABLE_TESTABILITY = YES;
				GCC_C_LANGUAGE_STANDARD = gnu99;
				GCC_DYNAMIC_NO_PIC = NO;
				GCC_NO_COMMON_BLOCKS = YES;
				GCC_OPTIMIZATION_LEVEL = 0;
				GCC_PREPROCESSOR_DEFINITIONS = (
					"DEBUG=1",
					"$(inherited)",
				);
				GCC_WARN_64_TO_32_BIT_CONVERSION = YES;
				GCC_WARN_ABOUT_RETURN_TYPE = YES_ERROR;
				GCC_WARN_UNDECLARED_SELECTOR = YES;
				GCC_WARN_UNINITIALIZED_AUTOS = YES_AGGRESSIVE;
				GCC_WARN_UNUSED_FUNCTION = YES;
				GCC_WARN_UNUSED_VARIABLE = YES;
				IPHONEOS_DEPLOYMENT_TARGET = 9.3;
				MTL_ENABLE_DEBUG_INFO = YES;
				ONLY_ACTIVE_ARCH = YES;
				SDKROOT = iphoneos;
			};
			name = Debug;
		};
		EB0E71451D86BAE100DD2BB5 /* Release */ = {
			isa = XCBuildConfiguration;
			buildSettings = {
				ALWAYS_SEARCH_USER_PATHS = NO;
				CLANG_ANALYZER_NONNULL = YES;
				CLANG_CXX_LANGUAGE_STANDARD = "gnu++0x";
				CLANG_CXX_LIBRARY = "libc++";
				CLANG_ENABLE_MODULES = YES;
				CLANG_ENABLE_OBJC_ARC = YES;
				CLANG_WARN_BOOL_CONVERSION = YES;
				CLANG_WARN_CONSTANT_CONVERSION = YES;
				CLANG_WARN_DIRECT_OBJC_ISA_USAGE = YES_ERROR;
				CLANG_WARN_EMPTY_BODY = YES;
				CLANG_WARN_ENUM_CONVERSION = YES;
				CLANG_WARN_INT_CONVERSION = YES;
				CLANG_WARN_OBJC_ROOT_CLASS = YES_ERROR;
				CLANG_WARN_UNREACHABLE_CODE = YES;
				CLANG_WARN__DUPLICATE_METHOD_MATCH = YES;
				"CODE_SIGN_IDENTITY[sdk=iphoneos*]" = "iPhone Developer";
				COPY_PHASE_STRIP = NO;
				DEBUG_INFORMATION_FORMAT = "dwarf-with-dsym";
				ENABLE_NS_ASSERTIONS = NO;
				ENABLE_STRICT_OBJC_MSGSEND = YES;
				GCC_C_LANGUAGE_STANDARD = gnu99;
				GCC_NO_COMMON_BLOCKS = YES;
				GCC_WARN_64_TO_32_BIT_CONVERSION = YES;
				GCC_WARN_ABOUT_RETURN_TYPE = YES_ERROR;
				GCC_WARN_UNDECLARED_SELECTOR = YES;
				GCC_WARN_UNINITIALIZED_AUTOS = YES_AGGRESSIVE;
				GCC_WARN_UNUSED_FUNCTION = YES;
				GCC_WARN_UNUSED_VARIABLE = YES;
				IPHONEOS_DEPLOYMENT_TARGET = 9.3;
				MTL_ENABLE_DEBUG_INFO = NO;
				SDKROOT = iphoneos;
				VALIDATE_PRODUCT = YES;
			};
			name = Release;
		};
		EB0E71471D86BAE100DD2BB5 /* Debug */ = {
			isa = XCBuildConfiguration;
			buildSettings = {
				ASSETCATALOG_COMPILER_APPICON_NAME = AppIcon;
				INFOPLIST_FILE = StrategyPattern/Info.plist;
				LD_RUNPATH_SEARCH_PATHS = "$(inherited) @executable_path/Frameworks";
				PRODUCT_BUNDLE_IDENTIFIER = com.msb.StrategyPattern;
				PRODUCT_NAME = "$(TARGET_NAME)";
			};
			name = Debug;
		};
		EB0E71481D86BAE100DD2BB5 /* Release */ = {
			isa = XCBuildConfiguration;
			buildSettings = {
				ASSETCATALOG_COMPILER_APPICON_NAME = AppIcon;
				INFOPLIST_FILE = StrategyPattern/Info.plist;
				LD_RUNPATH_SEARCH_PATHS = "$(inherited) @executable_path/Frameworks";
				PRODUCT_BUNDLE_IDENTIFIER = com.msb.StrategyPattern;
				PRODUCT_NAME = "$(TARGET_NAME)";
			};
			name = Release;
		};
		EB0E714A1D86BAE100DD2BB5 /* Debug */ = {
			isa = XCBuildConfiguration;
			buildSettings = {
				BUNDLE_LOADER = "$(TEST_HOST)";
				INFOPLIST_FILE = StrategyPatternTests/Info.plist;
				LD_RUNPATH_SEARCH_PATHS = "$(inherited) @executable_path/Frameworks @loader_path/Frameworks";
				PRODUCT_BUNDLE_IDENTIFIER = com.msb.StrategyPatternTests;
				PRODUCT_NAME = "$(TARGET_NAME)";
				TEST_HOST = "$(BUILT_PRODUCTS_DIR)/StrategyPattern.app/StrategyPattern";
			};
			name = Debug;
		};
		EB0E714B1D86BAE100DD2BB5 /* Release */ = {
			isa = XCBuildConfiguration;
			buildSettings = {
				BUNDLE_LOADER = "$(TEST_HOST)";
				INFOPLIST_FILE = StrategyPatternTests/Info.plist;
				LD_RUNPATH_SEARCH_PATHS = "$(inherited) @executable_path/Frameworks @loader_path/Frameworks";
				PRODUCT_BUNDLE_IDENTIFIER = com.msb.StrategyPatternTests;
				PRODUCT_NAME = "$(TARGET_NAME)";
				TEST_HOST = "$(BUILT_PRODUCTS_DIR)/StrategyPattern.app/StrategyPattern";
			};
			name = Release;
		};
		EB0E714D1D86BAE100DD2BB5 /* Debug */ = {
			isa = XCBuildConfiguration;
			buildSettings = {
				INFOPLIST_FILE = StrategyPatternUITests/Info.plist;
				LD_RUNPATH_SEARCH_PATHS = "$(inherited) @executable_path/Frameworks @loader_path/Frameworks";
				PRODUCT_BUNDLE_IDENTIFIER = com.msb.StrategyPatternUITests;
				PRODUCT_NAME = "$(TARGET_NAME)";
				TEST_TARGET_NAME = StrategyPattern;
			};
			name = Debug;
		};
		EB0E714E1D86BAE100DD2BB5 /* Release */ = {
			isa = XCBuildConfiguration;
			buildSettings = {
				INFOPLIST_FILE = StrategyPatternUITests/Info.plist;
				LD_RUNPATH_SEARCH_PATHS = "$(inherited) @executable_path/Frameworks @loader_path/Frameworks";
				PRODUCT_BUNDLE_IDENTIFIER = com.msb.StrategyPatternUITests;
				PRODUCT_NAME = "$(TARGET_NAME)";
				TEST_TARGET_NAME = StrategyPattern;
			};
			name = Release;
		};
/* End XCBuildConfiguration section */

/* Begin XCConfigurationList section */
		EB0E71141D86BAE100DD2BB5 /* Build configuration list for PBXProject "StrategyPattern" */ = {
			isa = XCConfigurationList;
			buildConfigurations = (
				EB0E71441D86BAE100DD2BB5 /* Debug */,
				EB0E71451D86BAE100DD2BB5 /* Release */,
			);
			defaultConfigurationIsVisible = 0;
			defaultConfigurationName = Release;
		};
		EB0E71461D86BAE100DD2BB5 /* Build configuration list for PBXNativeTarget "StrategyPattern" */ = {
			isa = XCConfigurationList;
			buildConfigurations = (
				EB0E71471D86BAE100DD2BB5 /* Debug */,
				EB0E71481D86BAE100DD2BB5 /* Release */,
			);
			defaultConfigurationIsVisible = 0;
		};
		EB0E71491D86BAE100DD2BB5 /* Build configuration list for PBXNativeTarget "StrategyPatternTests" */ = {
			isa = XCConfigurationList;
			buildConfigurations = (
				EB0E714A1D86BAE100DD2BB5 /* Debug */,
				EB0E714B1D86BAE100DD2BB5 /* Release */,
			);
			defaultConfigurationIsVisible = 0;
		};
		EB0E714C1D86BAE100DD2BB5 /* Build configuration list for PBXNativeTarget "StrategyPatternUITests" */ = {
			isa = XCConfigurationList;
			buildConfigurations = (
				EB0E714D1D86BAE100DD2BB5 /* Debug */,
				EB0E714E1D86BAE100DD2BB5 /* Release */,
			);
			defaultConfigurationIsVisible = 0;
		};
/* End XCConfigurationList section */
	};
	rootObject = EB0E71111D86BAE100DD2BB5 /* Project object */;
}
